
Microsoft Visual Studio Solution File, Format Version 12.00
# Visual Studio Version 17
VisualStudioVersion = 17.6.33815.320
MinimumVisualStudioVersion = 10.0.40219.1
Project("{FAE04EC0-301F-11D3-BF4B-00C04F79EFBC}") = "WebApplication1", "WebApplication1\WebApplication1.csproj", "{17E6FB5E-CDF6-450C-9769-7D090625D549}"
EndProject
Global
	GlobalSection(SolutionConfigurationPlatforms) = preSolution
		Debug|Any CPU = Debug|Any CPU
		Release|Any CPU = Release|Any CPU
	EndGlobalSection
	GlobalSection(ProjectConfigurationPlatforms) = postSolution
		{17E6FB5E-CDF6-450C-9769-7D090625D549}.Debug|Any CPU.ActiveCfg = Debug|Any CPU
		{17E6FB5E-CDF6-450C-9769-7D090625D549}.Debug|Any CPU.Build.0 = Debug|Any CPU
		{17E6FB5E-CDF6-450C-9769-7D090625D549}.Release|Any CPU.ActiveCfg = Release|Any CPU
		{17E6FB5E-CDF6-450C-9769-7D090625D549}.Release|Any CPU.Build.0 = Release|Any CPU
	EndGlobalSection
	GlobalSection(SolutionProperties) = preSolution
		HideSolutionNode = FALSE
	EndGlobalSection
	GlobalSection(ExtensibilityGlobals) = postSolution
		SolutionGuid = {27DD8D05-7AFA-4480-93A3-F7DE501C6EF6}
	EndGlobalSection
EndGlobal
